
Microsoft Visual Studio Solution File, Format Version 12.00
# Visual Studio Version 16
VisualStudioVersion = 16.0.30804.86
MinimumVisualStudioVersion = 10.0.40219.1
Project("{FAE04EC0-301F-11D3-BF4B-00C04F79EFBC}") = "EmployeeClass", "EmployeeClass\EmployeeClass.csproj", "{350C23E2-4F8A-4352-BF58-BC89CC1F437A}"
EndProject
Project("{FAE04EC0-301F-11D3-BF4B-00C04F79EFBC}") = "DelegateTestDemo", "DelegateTestDemo\DelegateTestDemo.csproj", "{0126FC86-7554-427B-94CD-41B74015C5E6}"
EndProject
Global
	GlobalSection(SolutionConfigurationPlatforms) = preSolution
		Debug|Any CPU = Debug|Any CPU
		Release|Any CPU = Release|Any CPU
	EndGlobalSection
	GlobalSection(ProjectConfigurationPlatforms) = postSolution
		{350C23E2-4F8A-4352-BF58-BC89CC1F437A}.Debug|Any CPU.ActiveCfg = Debug|Any CPU
		{350C23E2-4F8A-4352-BF58-BC89CC1F437A}.Debug|Any CPU.Build.0 = Debug|Any CPU
		{350C23E2-4F8A-4352-BF58-BC89CC1F437A}.Release|Any CPU.ActiveCfg = Release|Any CPU
		{350C23E2-4F8A-4352-BF58-BC89CC1F437A}.Release|Any CPU.Build.0 = Release|Any CPU
		{0126FC86-7554-427B-94CD-41B74015C5E6}.Debug|Any CPU.ActiveCfg = Debug|Any CPU
		{0126FC86-7554-427B-94CD-41B74015C5E6}.Debug|Any CPU.Build.0 = Debug|Any CPU
		{0126FC86-7554-427B-94CD-41B74015C5E6}.Release|Any CPU.ActiveCfg = Release|Any CPU
		{0126FC86-7554-427B-94CD-41B74015C5E6}.Release|Any CPU.Build.0 = Release|Any CPU
	EndGlobalSection
	GlobalSection(SolutionProperties) = preSolution
		HideSolutionNode = FALSE
	EndGlobalSection
	GlobalSection(ExtensibilityGlobals) = postSolution
		SolutionGuid = {D060D394-2A7B-4E95-A752-3299E8B74916}
	EndGlobalSection
EndGlobal
